
Microsoft Visual Studio Solution File, Format Version 12.00
# Visual Studio 15
VisualStudioVersion = 15.0.28010.2003
MinimumVisualStudioVersion = 10.0.40219.1
Project("{FAE04EC0-301F-11D3-BF4B-00C04F79EFBC}") = "dotaplus_desktop", "dotaplus_desktop.csproj", "{EDFB6EBB-8220-4F6E-BDE6-C2781E7B6670}"
EndProject
Global
	GlobalSection(SolutionConfigurationPlatforms) = preSolution
		Debug|Any CPU = Debug|Any CPU
		Release|Any CPU = Release|Any CPU
	EndGlobalSection
	GlobalSection(ProjectConfigurationPlatforms) = postSolution
		{EDFB6EBB-8220-4F6E-BDE6-C2781E7B6670}.Debug|Any CPU.ActiveCfg = Debug|Any CPU
		{EDFB6EBB-8220-4F6E-BDE6-C2781E7B6670}.Debug|Any CPU.Build.0 = Debug|Any CPU
		{EDFB6EBB-8220-4F6E-BDE6-C2781E7B6670}.Release|Any CPU.ActiveCfg = Release|Any CPU
		{EDFB6EBB-8220-4F6E-BDE6-C2781E7B6670}.Release|Any CPU.Build.0 = Release|Any CPU
	EndGlobalSection
	GlobalSection(SolutionProperties) = preSolution
		HideSolutionNode = FALSE
	EndGlobalSection
	GlobalSection(ExtensibilityGlobals) = postSolution
		SolutionGuid = {2FBFAA11-CD27-4F4B-81AB-566626EB4AA1}
	EndGlobalSection
EndGlobal
